Microsoft Visual Studio Solution File, Format Version 12.00
# Visual Studio Version 17
VisualStudioVersion = 17.0.31912.275
MinimumVisualStudioVersion = 10.0.40219.1
Project("{9A19103F-16F7-4668-BE54-9A1E7A4F7556}") = "Testing.Common", "Tests\Testing.Common\Testing.Common.csproj", "{306D8762-6A4E-4957-ABE6-5C30E13BD95F}"
EndProject
Project("{9A19103F-16F7-4668-BE54-9A1E7A4F7556}") = "Core", "Core\Core.csproj", "{59C3841C-DF61-493B-88AF-477357698477}"
EndProject
Project("{9A19103F-16F7-4668-BE54-9A1E7A4F7556}") = "Testing.CSharp", "Tests\Testing.CSharp\Testing.CSharp.csproj", "{29F9EF2D-2927-418A-9E45-26807E0FB5D1}"
EndProject
Project("{9A19103F-16F7-4668-BE54-9A1E7A4F7556}") = "Testing.CSharp.Xunit", "Tests\Testing.CSharp.Xunit\Testing.CSharp.Xunit.csproj", "{CA7B4345-0758-4AFA-ADCC-2563640614BD}"
EndProject
Project("{9A19103F-16F7-4668-BE54-9A1E7A4F7556}") = "Sample.Analyzers", "Sample.Analyzers\Sample.Analyzers.csproj", "{4D5520CB-56D2-4CC6-8E0E-1B682CE46061}"
EndProject
Project("{9A19103F-16F7-4668-BE54-9A1E7A4F7556}") = "Sample.Analyzers.CodeFixes", "Sample.Analyzers.CodeFixes\Sample.Analyzers.CodeFixes.csproj", "{DB243CEC-A8BE-4C58-BF5A-D711946789F6}"
EndProject
Project("{9A19103F-16F7-4668-BE54-9A1E7A4F7556}") = "Sample.Refactorings", "Sample.Refactorings\Sample.Refactorings.csproj", "{23142008-1E9E-4406-8377-D78E2BFDAAA8}"
EndProject
Project("{9A19103F-16F7-4668-BE54-9A1E7A4F7556}") = "Sample.Analyzers.Tests", "Sample.Analyzers.Tests\Sample.Analyzers.Tests.csproj", "{4A26CD74-A03F-46DA-96C9-BF28C39C8CB6}"
EndProject
Project("{9A19103F-16F7-4668-BE54-9A1E7A4F7556}") = "Sample.Refactorings.Tests", "Sample.Refactorings.Tests\Sample.Refactorings.Tests.csproj", "{4D83C11E-5FBB-42F6-A2F8-0E4E9626AF30}"
EndProject
Project("{9A19103F-16F7-4668-BE54-9A1E7A4F7556}") = "Sample.Workspace", "Sample.Workspace\Sample.Workspace.csproj", "{7B4A6719-49BB-4A8B-8E57-6B2751656534}"
EndProject
Project("{2150E333-8FDC-42A3-9474-1A3956D46DE8}") = "Tests", "Tests", "{8A3814E5-C7BA-4374-837C-F5563D4ECA24}"
EndProject
Project("{FAE04EC0-301F-11D3-BF4B-00C04F79EFBC}") = "Sample.VisualStudio", "Sample.VisualStudio\Sample.VisualStudio.csproj", "{3C792119-12B3-42F4-B5A5-AE85C975C782}"
EndProject
Project("{9A19103F-16F7-4668-BE54-9A1E7A4F7556}") = "Sample.Code", "Sample.Code\Sample.Code.csproj", "{9B33C1FD-C90D-446B-A6EC-8586FC9F8C95}"
EndProject
Project("{9A19103F-16F7-4668-BE54-9A1E7A4F7556}") = "Sample.Syntax", "Sample.Syntax\Sample.Syntax.csproj", "{0067B701-5A33-4E94-968A-F07908FEA05F}"
EndProject
Global
	GlobalSection(SolutionConfigurationPlatforms) = preSolution
		Debug|Any CPU = Debug|Any CPU
		Debug|x86 = Debug|x86
		Release|Any CPU = Release|Any CPU
		Release|x86 = Release|x86
	EndGlobalSection
	GlobalSection(ProjectConfigurationPlatforms) = postSolution
		{306D8762-6A4E-4957-ABE6-5C30E13BD95F}.Debug|Any CPU.ActiveCfg = Debug|Any CPU
		{306D8762-6A4E-4957-ABE6-5C30E13BD95F}.Debug|Any CPU.Build.0 = Debug|Any CPU
		{306D8762-6A4E-4957-ABE6-5C30E13BD95F}.Debug|x86.ActiveCfg = Debug|Any CPU
		{306D8762-6A4E-4957-ABE6-5C30E13BD95F}.Debug|x86.Build.0 = Debug|Any CPU
		{306D8762-6A4E-4957-ABE6-5C30E13BD95F}.Release|Any CPU.ActiveCfg = Release|Any CPU
		{306D8762-6A4E-4957-ABE6-5C30E13BD95F}.Release|Any CPU.Build.0 = Release|Any CPU
		{306D8762-6A4E-4957-ABE6-5C30E13BD95F}.Release|x86.ActiveCfg = Release|Any CPU
		{306D8762-6A4E-4957-ABE6-5C30E13BD95F}.Release|x86.Build.0 = Release|Any CPU
		{59C3841C-DF61-493B-88AF-477357698477}.Debug|Any CPU.ActiveCfg = Debug|Any CPU
		{59C3841C-DF61-493B-88AF-477357698477}.Debug|Any CPU.Build.0 = Debug|Any CPU
		{59C3841C-DF61-493B-88AF-477357698477}.Debug|x86.ActiveCfg = Debug|Any CPU
		{59C3841C-DF61-493B-88AF-477357698477}.Debug|x86.Build.0 = Debug|Any CPU
		{59C3841C-DF61-493B-88AF-477357698477}.Release|Any CPU.ActiveCfg = Release|Any CPU
		{59C3841C-DF61-493B-88AF-477357698477}.Release|Any CPU.Build.0 = Release|Any CPU
		{59C3841C-DF61-493B-88AF-477357698477}.Release|x86.ActiveCfg = Release|Any CPU
		{59C3841C-DF61-493B-88AF-477357698477}.Release|x86.Build.0 = Release|Any CPU
		{29F9EF2D-2927-418A-9E45-26807E0FB5D1}.Debug|Any CPU.ActiveCfg = Debug|Any CPU
		{29F9EF2D-2927-418A-9E45-26807E0FB5D1}.Debug|Any CPU.Build.0 = Debug|Any CPU
		{29F9EF2D-2927-418A-9E45-26807E0FB5D1}.Debug|x86.ActiveCfg = Debug|Any CPU
		{29F9EF2D-2927-418A-9E45-26807E0FB5D1}.Debug|x86.Build.0 = Debug|Any CPU
		{29F9EF2D-2927-418A-9E45-26807E0FB5D1}.Release|Any CPU.ActiveCfg = Release|Any CPU
		{29F9EF2D-2927-418A-9E45-26807E0FB5D1}.Release|Any CPU.Build.0 = Release|Any CPU
		{29F9EF2D-2927-418A-9E45-26807E0FB5D1}.Release|x86.ActiveCfg = Release|Any CPU
		{29F9EF2D-2927-418A-9E45-26807E0FB5D1}.Release|x86.Build.0 = Release|Any CPU
		{CA7B4345-0758-4AFA-ADCC-2563640614BD}.Debug|Any CPU.ActiveCfg = Debug|Any CPU
		{CA7B4345-0758-4AFA-ADCC-2563640614BD}.Debug|Any CPU.Build.0 = Debug|Any CPU
		{CA7B4345-0758-4AFA-ADCC-2563640614BD}.Debug|x86.ActiveCfg = Debug|Any CPU
		{CA7B4345-0758-4AFA-ADCC-2563640614BD}.Debug|x86.Build.0 = Debug|Any CPU
		{CA7B4345-0758-4AFA-ADCC-2563640614BD}.Release|Any CPU.ActiveCfg = Release|Any CPU
		{CA7B4345-0758-4AFA-ADCC-2563640614BD}.Release|Any CPU.Build.0 = Release|Any CPU
		{CA7B4345-0758-4AFA-ADCC-2563640614BD}.Release|x86.ActiveCfg = Release|Any CPU
		{CA7B4345-0758-4AFA-ADCC-2563640614BD}.Release|x86.Build.0 = Release|Any CPU
		{4D5520CB-56D2-4CC6-8E0E-1B682CE46061}.Debug|Any CPU.ActiveCfg = Debug|Any CPU
		{4D5520CB-56D2-4CC6-8E0E-1B682CE46061}.Debug|Any CPU.Build.0 = Debug|Any CPU
		{4D5520CB-56D2-4CC6-8E0E-1B682CE46061}.Debug|x86.ActiveCfg = Debug|Any CPU
		{4D5520CB-56D2-4CC6-8E0E-1B682CE46061}.Debug|x86.Build.0 = Debug|Any CPU
		{4D5520CB-56D2-4CC6-8E0E-1B682CE46061}.Release|Any CPU.ActiveCfg = Release|Any CPU
		{4D5520CB-56D2-4CC6-8E0E-1B682CE46061}.Release|Any CPU.Build.0 = Release|Any CPU
		{4D5520CB-56D2-4CC6-8E0E-1B682CE46061}.Release|x86.ActiveCfg = Release|Any CPU
		{4D5520CB-56D2-4CC6-8E0E-1B682CE46061}.Release|x86.Build.0 = Release|Any CPU
		{DB243CEC-A8BE-4C58-BF5A-D711946789F6}.Debug|Any CPU.ActiveCfg = Debug|Any CPU
		{DB243CEC-A8BE-4C58-BF5A-D711946789F6}.Debug|Any CPU.Build.0 = Debug|Any CPU
		{DB243CEC-A8BE-4C58-BF5A-D711946789F6}.Debug|x86.ActiveCfg = Debug|Any CPU
		{DB243CEC-A8BE-4C58-BF5A-D711946789F6}.Debug|x86.Build.0 = Debug|Any CPU
		{DB243CEC-A8BE-4C58-BF5A-D711946789F6}.Release|Any CPU.ActiveCfg = Release|Any CPU
		{DB243CEC-A8BE-4C58-BF5A-D711946789F6}.Release|Any CPU.Build.0 = Release|Any CPU
		{DB243CEC-A8BE-4C58-BF5A-D711946789F6}.Release|x86.ActiveCfg = Release|Any CPU
		{DB243CEC-A8BE-4C58-BF5A-D711946789F6}.Release|x86.Build.0 = Release|Any CPU
		{23142008-1E9E-4406-8377-D78E2BFDAAA8}.Debug|Any CPU.ActiveCfg = Debug|Any CPU
		{23142008-1E9E-4406-8377-D78E2BFDAAA8}.Debug|Any CPU.Build.0 = Debug|Any CPU
		{23142008-1E9E-4406-8377-D78E2BFDAAA8}.Debug|x86.ActiveCfg = Debug|Any CPU
		{23142008-1E9E-4406-8377-D78E2BFDAAA8}.Debug|x86.Build.0 = Debug|Any CPU
		{23142008-1E9E-4406-8377-D78E2BFDAAA8}.Release|Any CPU.ActiveCfg = Release|Any CPU
		{23142008-1E9E-4406-8377-D78E2BFDAAA8}.Release|Any CPU.Build.0 = Release|Any CPU
		{23142008-1E9E-4406-8377-D78E2BFDAAA8}.Release|x86.ActiveCfg = Release|Any CPU
		{23142008-1E9E-4406-8377-D78E2BFDAAA8}.Release|x86.Build.0 = Release|Any CPU
		{4A26CD74-A03F-46DA-96C9-BF28C39C8CB6}.Debug|Any CPU.ActiveCfg = Debug|Any CPU
		{4A26CD74-A03F-46DA-96C9-BF28C39C8CB6}.Debug|Any CPU.Build.0 = Debug|Any CPU
		{4A26CD74-A03F-46DA-96C9-BF28C39C8CB6}.Debug|x86.ActiveCfg = Debug|Any CPU
		{4A26CD74-A03F-46DA-96C9-BF28C39C8CB6}.Debug|x86.Build.0 = Debug|Any CPU
		{4A26CD74-A03F-46DA-96C9-BF28C39C8CB6}.Release|Any CPU.ActiveCfg = Release|Any CPU
		{4A26CD74-A03F-46DA-96C9-BF28C39C8CB6}.Release|Any CPU.Build.0 = Release|Any CPU
		{4A26CD74-A03F-46DA-96C9-BF28C39C8CB6}.Release|x86.ActiveCfg = Release|Any CPU
		{4A26CD74-A03F-46DA-96C9-BF28C39C8CB6}.Release|x86.Build.0 = Release|Any CPU
		{4D83C11E-5FBB-42F6-A2F8-0E4E9626AF30}.Debug|Any CPU.ActiveCfg = Debug|Any CPU
		{4D83C11E-5FBB-42F6-A2F8-0E4E9626AF30}.Debug|Any CPU.Build.0 = Debug|Any CPU
		{4D83C11E-5FBB-42F6-A2F8-0E4E9626AF30}.Debug|x86.ActiveCfg = Debug|Any CPU
		{4D83C11E-5FBB-42F6-A2F8-0E4E9626AF30}.Debug|x86.Build.0 = Debug|Any CPU
		{4D83C11E-5FBB-42F6-A2F8-0E4E9626AF30}.Release|Any CPU.ActiveCfg = Release|Any CPU
		{4D83C11E-5FBB-42F6-A2F8-0E4E9626AF30}.Release|Any CPU.Build.0 = Release|Any CPU
		{4D83C11E-5FBB-42F6-A2F8-0E4E9626AF30}.Release|x86.ActiveCfg = Release|Any CPU
		{4D83C11E-5FBB-42F6-A2F8-0E4E9626AF30}.Release|x86.Build.0 = Release|Any CPU
		{7B4A6719-49BB-4A8B-8E57-6B2751656534}.Debug|Any CPU.ActiveCfg = Debug|Any CPU
		{7B4A6719-49BB-4A8B-8E57-6B2751656534}.Debug|Any CPU.Build.0 = Debug|Any CPU
		{7B4A6719-49BB-4A8B-8E57-6B2751656534}.Debug|x86.ActiveCfg = Debug|Any CPU
		{7B4A6719-49BB-4A8B-8E57-6B2751656534}.Debug|x86.Build.0 = Debug|Any CPU
		{7B4A6719-49BB-4A8B-8E57-6B2751656534}.Release|Any CPU.ActiveCfg = Release|Any CPU
		{7B4A6719-49BB-4A8B-8E57-6B2751656534}.Release|Any CPU.Build.0 = Release|Any CPU
		{7B4A6719-49BB-4A8B-8E57-6B2751656534}.Release|x86.ActiveCfg = Release|Any CPU
		{7B4A6719-49BB-4A8B-8E57-6B2751656534}.Release|x86.Build.0 = Release|Any CPU
		{3C792119-12B3-42F4-B5A5-AE85C975C782}.Debug|Any CPU.ActiveCfg = Debug|Any CPU
		{3C792119-12B3-42F4-B5A5-AE85C975C782}.Debug|Any CPU.Build.0 = Debug|Any CPU
		{3C792119-12B3-42F4-B5A5-AE85C975C782}.Debug|x86.ActiveCfg = Debug|x86
		{3C792119-12B3-42F4-B5A5-AE85C975C782}.Debug|x86.Build.0 = Debug|x86
		{3C792119-12B3-42F4-B5A5-AE85C975C782}.Release|Any CPU.ActiveCfg = Release|Any CPU
		{3C792119-12B3-42F4-B5A5-AE85C975C782}.Release|Any CPU.Build.0 = Release|Any CPU
		{3C792119-12B3-42F4-B5A5-AE85C975C782}.Release|x86.ActiveCfg = Release|x86
		{3C792119-12B3-42F4-B5A5-AE85C975C782}.Release|x86.Build.0 = Release|x86
		{9B33C1FD-C90D-446B-A6EC-8586FC9F8C95}.Debug|Any CPU.ActiveCfg = Debug|Any CPU
		{9B33C1FD-C90D-446B-A6EC-8586FC9F8C95}.Debug|Any CPU.Build.0 = Debug|Any CPU
		{9B33C1FD-C90D-446B-A6EC-8586FC9F8C95}.Debug|x86.ActiveCfg = Debug|Any CPU
		{9B33C1FD-C90D-446B-A6EC-8586FC9F8C95}.Debug|x86.Build.0 = Debug|Any CPU
		{9B33C1FD-C90D-446B-A6EC-8586FC9F8C95}.Release|Any CPU.ActiveCfg = Release|Any CPU
		{9B33C1FD-C90D-446B-A6EC-8586FC9F8C95}.Release|Any CPU.Build.0 = Release|Any CPU
		{9B33C1FD-C90D-446B-A6EC-8586FC9F8C95}.Release|x86.ActiveCfg = Release|Any CPU
		{9B33C1FD-C90D-446B-A6EC-8586FC9F8C95}.Release|x86.Build.0 = Release|Any CPU
		{0067B701-5A33-4E94-968A-F07908FEA05F}.Debug|Any CPU.ActiveCfg = Debug|Any CPU
		{0067B701-5A33-4E94-968A-F07908FEA05F}.Debug|Any CPU.Build.0 = Debug|Any CPU
		{0067B701-5A33-4E94-968A-F07908FEA05F}.Debug|x86.ActiveCfg = Debug|Any CPU
		{0067B701-5A33-4E94-968A-F07908FEA05F}.Debug|x86.Build.0 = Debug|Any CPU
		{0067B701-5A33-4E94-968A-F07908FEA05F}.Release|Any CPU.ActiveCfg = Release|Any CPU
		{0067B701-5A33-4E94-968A-F07908FEA05F}.Release|Any CPU.Build.0 = Release|Any CPU
		{0067B701-5A33-4E94-968A-F07908FEA05F}.Release|x86.ActiveCfg = Release|Any CPU
		{0067B701-5A33-4E94-968A-F07908FEA05F}.Release|x86.Build.0 = Release|Any CPU
	EndGlobalSection
	GlobalSection(SolutionProperties) = preSolution
		HideSolutionNode = FALSE
	EndGlobalSection
	GlobalSection(NestedProjects) = preSolution
		{306D8762-6A4E-4957-ABE6-5C30E13BD95F} = {8A3814E5-C7BA-4374-837C-F5563D4ECA24}
		{59C3841C-DF61-493B-88AF-477357698477} = {8A3814E5-C7BA-4374-837C-F5563D4ECA24}
		{29F9EF2D-2927-418A-9E45-26807E0FB5D1} = {8A3814E5-C7BA-4374-837C-F5563D4ECA24}
		{CA7B4345-0758-4AFA-ADCC-2563640614BD} = {8A3814E5-C7BA-4374-837C-F5563D4ECA24}
		{4A26CD74-A03F-46DA-96C9-BF28C39C8CB6} = {8A3814E5-C7BA-4374-837C-F5563D4ECA24}
		{4D83C11E-5FBB-42F6-A2F8-0E4E9626AF30} = {8A3814E5-C7BA-4374-837C-F5563D4ECA24}
	EndGlobalSection
	GlobalSection(ExtensibilityGlobals) = postSolution
		SolutionGuid = {D1943010-8F47-4798-9A3D-97BC24CF1AC4}
	EndGlobalSection
EndGlobal
